// !$*UTF8*$!
{
	archiveVersion = 1;
	classes = {
	};
	objectVersion = 50;
	objects = {

/* Begin PBXBuildFile section */
		AB22DB27221D238C005AAD7A /* AppDelegate.swift in Sources */ = {isa = PBXBuildFile; fileRef = AB22DB26221D238C005AAD7A /* AppDelegate.swift */; };
		AB22DB29221D238C005AAD7A /* ViewController.swift in Sources */ = {isa = PBXBuildFile; fileRef = AB22DB28221D238C005AAD7A /* ViewController.swift */; };
		AB22DB2C221D238C005AAD7A /* Main.storyboard in Resources */ = {isa = PBXBuildFile; fileRef = AB22DB2A221D238C005AAD7A /* Main.storyboard */; };
		AB22DB2E221D238D005AAD7A /* Assets.xcassets in Resources */ = {isa = PBXBuildFile; fileRef = AB22DB2D221D238D005AAD7A /* Assets.xcassets */; };
		AB22DB31221D238D005AAD7A /* LaunchScreen.storyboard in Resources */ = {isa = PBXBuildFile; fileRef = AB22DB2F221D238D005AAD7A /* LaunchScreen.storyboard */; };
		AB5FC3012224E9B800945287 /* info.png in Resources */ = {isa = PBXBuildFile; fileRef = AB5FC3002224E9B800945287 /* info.png */; };
		AB5FC3032224EA4100945287 /* settings.png in Resources */ = {isa = PBXBuildFile; fileRef = AB5FC3022224EA4000945287 /* settings.png */; };
/* End PBXBuildFile section */

/* Begin PBXFileReference section */
		AB22DB23221D238C005AAD7A /* The Real Cost iOS App.app */ = {isa = PBXFileReference; explicitFileType = wrapper.application; includeInIndex = 0; path = "The Real Cost iOS App.app"; sourceTree = BUILT_PRODUCTS_DIR; };
		AB22DB26221D238C005AAD7A /* AppDelegate.swift */ = {isa = PBXFileReference; lastKnownFileType = sourcecode.swift; path = AppDelegate.swift; sourceTree = "<group>"; };
		AB22DB28221D238C005AAD7A /* ViewController.swift */ = {isa = PBXFileReference; lastKnownFileType = sourcecode.swift; path = ViewController.swift; sourceTree = "<group>"; };
		AB22DB2B221D238C005AAD7A /* Base */ = {isa = PBXFileReference; lastKnownFileType = file.storyboard; name = Base; path = Base.lproj/Main.storyboard; sourceTree = "<group>"; };
		AB22DB2D221D238D005AAD7A /* Assets.xcassets */ = {isa = PBXFileReference; lastKnownFileType = folder.assetcatalog; path = Assets.xcassets; sourceTree = "<group>"; };
		AB22DB30221D238D005AAD7A /* Base */ = {isa = PBXFileReference; lastKnownFileType = file.storyboard; name = Base; path = Base.lproj/LaunchScreen.storyboard; sourceTree = "<group>"; };
		AB22DB32221D238D005AAD7A /* Info.plist */ = {isa = PBXFileReference; lastKnownFileType = text.plist.xml; path = Info.plist; sourceTree = "<group>"; };
		AB5FC3002224E9B800945287 /* info.png */ = {isa = PBXFileReference; lastKnownFileType = image.png; name = info.png; path = Assets.xcassets/info.png; sourceTree = "<group>"; };
		AB5FC3022224EA4000945287 /* settings.png */ = {isa = PBXFileReference; lastKnownFileType = image.png; path = settings.png; sourceTree = "<group>"; };
/* End PBXFileReference section */

/* Begin PBXFrameworksBuildPhase section */
		AB22DB20221D238C005AAD7A /* Frameworks */ = {
			isa = PBXFrameworksBuildPhase;
			buildActionMask = 2147483647;
			files = (
			);
			runOnlyForDeploymentPostprocessing = 0;
		};
/* End PBXFrameworksBuildPhase section */

/* Begin PBXGroup section */
		AB22DB1A221D238C005AAD7A = {
			isa = PBXGroup;
			children = (
				AB22DB25221D238C005AAD7A /* The Real Cost iOS App */,
				AB22DB24221D238C005AAD7A /* Products */,
			);
			sourceTree = "<group>";
		};
		AB22DB24221D238C005AAD7A /* Products */ = {
			isa = PBXGroup;
			children = (
				AB22DB23221D238C005AAD7A /* The Real Cost iOS App.app */,
			);
			name = Products;
			sourceTree = "<group>";
		};
		AB22DB25221D238C005AAD7A /* The Real Cost iOS App */ = {
			isa = PBXGroup;
			children = (
				AB22DB26221D238C005AAD7A /* AppDelegate.swift */,
				AB22DB28221D238C005AAD7A /* ViewController.swift */,
				AB22DB2A221D238C005AAD7A /* Main.storyboard */,
				AB22DB2D221D238D005AAD7A /* Assets.xcassets */,
				AB5FC3002224E9B800945287 /* info.png */,
				AB22DB2F221D238D005AAD7A /* LaunchScreen.storyboard */,
				AB5FC3022224EA4000945287 /* settings.png */,
				AB22DB32221D238D005AAD7A /* Info.plist */,
			);
			path = "The Real Cost iOS App";
			sourceTree = "<group>";
		};
/* End PBXGroup section */

/* Begin PBXNativeTarget section */
		AB22DB22221D238C005AAD7A /* The Real Cost iOS App */ = {
			isa = PBXNativeTarget;
			buildConfigurationList = AB22DB35221D238D005AAD7A /* Build configuration list for PBXNativeTarget "The Real Cost iOS App" */;
			buildPhases = (
				AB22DB1F221D238C005AAD7A /* Sources */,
				AB22DB20221D238C005AAD7A /* Frameworks */,
				AB22DB21221D238C005AAD7A /* Resources */,
			);
			buildRules = (
			);
			dependencies = (
			);
			name = "The Real Cost iOS App";
			productName = "The Real Cost iOS App";
			productReference = AB22DB23221D238C005AAD7A /* The Real Cost iOS App.app */;
			productType = "com.apple.product-type.application";
		};
/* End PBXNativeTarget section */

/* Begin PBXProject section */
		AB22DB1B221D238C005AAD7A /* Project object */ = {
			isa = PBXProject;
			attributes = {
				LastSwiftUpdateCheck = 1010;
				LastUpgradeCheck = 1010;
				ORGANIZATIONNAME = "Marshall Alsup";
				TargetAttributes = {
					AB22DB22221D238C005AAD7A = {
						CreatedOnToolsVersion = 10.1;
					};
				};
			};
			buildConfigurationList = AB22DB1E221D238C005AAD7A /* Build configuration list for PBXProject "The Real Cost iOS App" */;
			compatibilityVersion = "Xcode 9.3";
			developmentRegion = en;
			hasScannedForEncodings = 0;
			knownRegions = (
				en,
				Base,
			);
			mainGroup = AB22DB1A221D238C005AAD7A;
			productRefGroup = AB22DB24221D238C005AAD7A /* Products */;
			projectDirPath = "";
			projectRoot = "";
			targets = (
				AB22DB22221D238C005AAD7A /* The Real Cost iOS App */,
			);
		};
/* End PBXProject section */

/* Begin PBXResourcesBuildPhase section */
		AB22DB21221D238C005AAD7A /* Resources */ = {
			isa = PBXResourcesBuildPhase;
			buildActionMask = 2147483647;
			files = (
				AB22DB31221D238D005AAD7A /* LaunchScreen.storyboard in Resources */,
				AB22DB2E221D238D005AAD7A /* Assets.xcassets in Resources */,
				AB22DB2C221D238C005AAD7A /* Main.storyboard in Resources */,
				AB5FC3032224EA4100945287 /* settings.png in Resources */,
				AB5FC3012224E9B800945287 /* info.png in Resources */,
			);
			runOnlyForDeploymentPostprocessing = 0;
		};
/* End PBXResourcesBuildPhase section */

/* Begin PBXSourcesBuildPhase section */
		AB22DB1F221D238C005AAD7A /* Sources */ = {
			isa = PBXSourcesBuildPhase;
			buildActionMask = 2147483647;
			files = (
				AB22DB29221D238C005AAD7A /* ViewController.swift in Sources */,
				AB22DB27221D238C005AAD7A /* AppDelegate.swift in Sources */,
			);
			runOnlyForDeploymentPostprocessing = 0;
		};
/* End PBXSourcesBuildPhase section */

/* Begin PBXVariantGroup section */
		AB22DB2A221D238C005AAD7A /* Main.storyboard */ = {
			isa = PBXVariantGroup;
			children = (
				AB22DB2B221D238C005AAD7A /* Base */,
			);
			name = Main.storyboard;
			sourceTree = "<group>";
		};
		AB22DB2F221D238D005AAD7A /* LaunchScreen.storyboard */ = {
			isa = PBXVariantGroup;
			children = (
				AB22DB30221D238D005AAD7A /* Base */,
			);
			name = LaunchScreen.storyboard;
			sourceTree = "<group>";
		};
/* End PBXVariantGroup section */

/* Begin XCBuildConfiguration section */
		AB22DB33221D238D005AAD7A /* Debug */ = {
			isa = XCBuildConfiguration;
			buildSettings = {
				ALWAYS_SEARCH_USER_PATHS = NO;
				CLANG_ANALYZER_NONNULL = YES;
				CLANG_ANALYZER_NUMBER_OBJECT_CONVERSION = YES_AGGRESSIVE;
				CLANG_CXX_LANGUAGE_STANDARD = "gnu++14";
				CLANG_CXX_LIBRARY = "libc++";
				CLANG_ENABLE_MODULES = YES;
				CLANG_ENABLE_OBJC_ARC = YES;
				CLANG_ENABLE_OBJC_WEAK = YES;
				CLANG_WARN_BLOCK_CAPTURE_AUTORELEASING = YES;
				CLANG_WARN_BOOL_CONVERSION = YES;
				CLANG_WARN_COMMA = YES;
				CLANG_WARN_CONSTANT_CONVERSION = YES;
				CLANG_WARN_DEPRECATED_OBJC_IMPLEMENTATIONS = YES;
				CLANG_WARN_DIRECT_OBJC_ISA_USAGE = YES_ERROR;
				CLANG_WARN_DOCUMENTATION_COMMENTS = YES;
				CLANG_WARN_EMPTY_BODY = YES;
				CLANG_WARN_ENUM_CONVERSION = YES;
				CLANG_WARN_INFINITE_RECURSION = YES;
				CLANG_WARN_INT_CONVERSION = YES;
				CLANG_WARN_NON_LITERAL_NULL_CONVERSION = YES;
				CLANG_WARN_OBJC_IMPLICIT_RETAIN_SELF = YES;
				CLANG_WARN_OBJC_LITERAL_CONVERSION = YES;
				CLANG_WARN_OBJC_ROOT_CLASS = YES_ERROR;
				CLANG_WARN_RANGE_LOOP_ANALYSIS = YES;
				CLANG_WARN_STRICT_PROTOTYPES = YES;
				CLANG_WARN_SUSPICIOUS_MOVE = YES;
				CLANG_WARN_UNGUARDED_AVAILABILITY = YES_AGGRESSIVE;
				CLANG_WARN_UNREACHABLE_CODE = YES;
				CLANG_WARN__DUPLICATE_METHOD_MATCH = YES;
				CODE_SIGN_IDENTITY = "iPhone Developer";
				COPY_PHASE_STRIP = NO;
				DEBUG_INFORMATION_FORMAT = dwarf;
				ENABLE_STRICT_OBJC_MSGSEND = YES;
				ENABLE_TESTABILITY = YES;
				GCC_C_LANGUAGE_STANDARD = gnu11;
				GCC_DYNAMIC_NO_PIC = NO;
				GCC_NO_COMMON_BLOCKS = YES;
				GCC_OPTIMIZATION_LEVEL = 0;
				GCC_PREPROCESSOR_DEFINITIONS = (
					"DEBUG=1",
					"$(inherited)",
				);
				GCC_WARN_64_TO_32_BIT_CONVERSION = YES;
				GCC_WARN_ABOUT_RETURN_TYPE = YES_ERROR;
				GCC_WARN_UNDECLARED_SELECTOR = YES;
				GCC_WARN_UNINITIALIZED_AUTOS = YES_AGGRESSIVE;
				GCC_WARN_UNUSED_FUNCTION = YES;
				GCC_WARN_UNUSED_VARIABLE = YES;
				IPHONEOS_DEPLOYMENT_TARGET = 12.1;
				MTL_ENABLE_DEBUG_INFO = INCLUDE_SOURCE;
				MTL_FAST_MATH = YES;
				ONLY_ACTIVE_ARCH = YES;
				SDKROOT = iphoneos;
				SWIFT_ACTIVE_COMPILATION_CONDITIONS = DEBUG;
				SWIFT_OPTIMIZATION_LEVEL = "-Onone";
			};
			name = Debug;
		};
		AB22DB34221D238D005AAD7A /* Release */ = {
			isa = XCBuildConfiguration;
			buildSettings = {
				ALWAYS_SEARCH_USER_PATHS = NO;
				CLANG_ANALYZER_NONNULL = YES;
				CLANG_ANALYZER_NUMBER_OBJECT_CONVERSION = YES_AGGRESSIVE;
				CLANG_CXX_LANGUAGE_STANDARD = "gnu++14";
				CLANG_CXX_LIBRARY = "libc++";
				CLANG_ENABLE_MODULES = YES;
				CLANG_ENABLE_OBJC_ARC = YES;
				CLANG_ENABLE_OBJC_WEAK = YES;
				CLANG_WARN_BLOCK_CAPTURE_AUTORELEASING = YES;
				CLANG_WARN_BOOL_CONVERSION = YES;
				CLANG_WARN_COMMA = YES;
				CLANG_WARN_CONSTANT_CONVERSION = YES;
				CLANG_WARN_DEPRECATED_OBJC_IMPLEMENTATIONS = YES;
				CLANG_WARN_DIRECT_OBJC_ISA_USAGE = YES_ERROR;
				CLANG_WARN_DOCUMENTATION_COMMENTS = YES;
				CLANG_WARN_EMPTY_BODY = YES;
				CLANG_WARN_ENUM_CONVERSION = YES;
				CLANG_WARN_INFINITE_RECURSION = YES;
				CLANG_WARN_INT_CONVERSION = YES;
				CLANG_WARN_NON_LITERAL_NULL_CONVERSION = YES;
				CLANG_WARN_OBJC_IMPLICIT_RETAIN_SELF = YES;
				CLANG_WARN_OBJC_LITERAL_CONVERSION = YES;
				CLANG_WARN_OBJC_ROOT_CLASS = YES_ERROR;
				CLANG_WARN_RANGE_LOOP_ANALYSIS = YES;
				CLANG_WARN_STRICT_PROTOTYPES = YES;
				CLANG_WARN_SUSPICIOUS_MOVE = YES;
				CLANG_WARN_UNGUARDED_AVAILABILITY = YES_AGGRESSIVE;
				CLANG_WARN_UNREACHABLE_CODE = YES;
				CLANG_WARN__DUPLICATE_METHOD_MATCH = YES;
				CODE_SIGN_IDENTITY = "iPhone Developer";
				COPY_PHASE_STRIP = NO;
				DEBUG_INFORMATION_FORMAT = "dwarf-with-dsym";
				ENABLE_NS_ASSERTIONS = NO;
				ENABLE_STRICT_OBJC_MSGSEND = YES;
				GCC_C_LANGUAGE_STANDARD = gnu11;
				GCC_NO_COMMON_BLOCKS = YES;
				GCC_WARN_64_TO_32_BIT_CONVERSION = YES;
				GCC_WARN_ABOUT_RETURN_TYPE = YES_ERROR;
				GCC_WARN_UNDECLARED_SELECTOR = YES;
				GCC_WARN_UNINITIALIZED_AUTOS = YES_AGGRESSIVE;
				GCC_WARN_UNUSED_FUNCTION = YES;
				GCC_WARN_UNUSED_VARIABLE = YES;
				IPHONEOS_DEPLOYMENT_TARGET = 12.1;
				MTL_ENABLE_DEBUG_INFO = NO;
				MTL_FAST_MATH = YES;
				SDKROOT = iphoneos;
				SWIFT_COMPILATION_MODE = wholemodule;
				SWIFT_OPTIMIZATION_LEVEL = "-O";
				VALIDATE_PRODUCT = YES;
			};
			name = Release;
		};
		AB22DB36221D238D005AAD7A /* Debug */ = {
			isa = XCBuildConfiguration;
			buildSettings = {
				ASSETCATALOG_COMPILER_APPICON_NAME = AppIcon;
				CODE_SIGN_STYLE = Automatic;
				INFOPLIST_FILE = "The Real Cost iOS App/Info.plist";
				LD_RUNPATH_SEARCH_PATHS = (
					"$(inherited)",
					"@executable_path/Frameworks",
				);
				PRODUCT_BUNDLE_IDENTIFIER = "com.therealcost.The-Real-Cost-iOS-App";
				PRODUCT_NAME = "$(TARGET_NAME)";
				SWIFT_VERSION = 4.2;
				TARGETED_DEVICE_FAMILY = "1,2";
			};
			name = Debug;
		};
		AB22DB37221D238D005AAD7A /* Release */ = {
			isa = XCBuildConfiguration;
			buildSettings = {
				ASSETCATALOG_COMPILER_APPICON_NAME = AppIcon;
				CODE_SIGN_STYLE = Automatic;
				INFOPLIST_FILE = "The Real Cost iOS App/Info.plist";
				LD_RUNPATH_SEARCH_PATHS = (
					"$(inherited)",
					"@executable_path/Frameworks",
				);
				PRODUCT_BUNDLE_IDENTIFIER = "com.therealcost.The-Real-Cost-iOS-App";
				PRODUCT_NAME = "$(TARGET_NAME)";
				SWIFT_VERSION = 4.2;
				TARGETED_DEVICE_FAMILY = "1,2";
			};
			name = Release;
		};
/* End XCBuildConfiguration section */

/* Begin XCConfigurationList section */
		AB22DB1E221D238C005AAD7A /* Build configuration list for PBXProject "The Real Cost iOS App" */ = {
			isa = XCConfigurationList;
			buildConfigurations = (
				AB22DB33221D238D005AAD7A /* Debug */,
				AB22DB34221D238D005AAD7A /* Release */,
			);
			defaultConfigurationIsVisible = 0;
			defaultConfigurationName = Release;
		};
		AB22DB35221D238D005AAD7A /* Build configuration list for PBXNativeTarget "The Real Cost iOS App" */ = {
			isa = XCConfigurationList;
			buildConfigurations = (
				AB22DB36221D238D005AAD7A /* Debug */,
				AB22DB37221D238D005AAD7A /* Release */,
			);
			defaultConfigurationIsVisible = 0;
			defaultConfigurationName = Release;
		};
/* End XCConfigurationList section */
	};
	rootObject = AB22DB1B221D238C005AAD7A /* Project object */;
}
